
Microsoft Visual Studio Solution File, Format Version 12.00
# Visual Studio 15
VisualStudioVersion = 15.0.28307.168
MinimumVisualStudioVersion = 10.0.40219.1
Project("{FAE04EC0-301F-11D3-BF4B-00C04F79EFBC}") = "FrontEndWeb", "FrontEndWeb\FrontEndWeb.csproj", "{CAB6AC3E-F199-46BE-A474-1520F0398FCF}"
EndProject
Global
	GlobalSection(SolutionConfigurationPlatforms) = preSolution
		Debug|Any CPU = Debug|Any CPU
		Release|Any CPU = Release|Any CPU
	EndGlobalSection
	GlobalSection(ProjectConfigurationPlatforms) = postSolution
		{CAB6AC3E-F199-46BE-A474-1520F0398FCF}.Debug|Any CPU.ActiveCfg = Debug|Any CPU
		{CAB6AC3E-F199-46BE-A474-1520F0398FCF}.Debug|Any CPU.Build.0 = Debug|Any CPU
		{CAB6AC3E-F199-46BE-A474-1520F0398FCF}.Release|Any CPU.ActiveCfg = Release|Any CPU
		{CAB6AC3E-F199-46BE-A474-1520F0398FCF}.Release|Any CPU.Build.0 = Release|Any CPU
	EndGlobalSection
	GlobalSection(SolutionProperties) = preSolution
		HideSolutionNode = FALSE
	EndGlobalSection
	GlobalSection(ExtensibilityGlobals) = postSolution
		SolutionGuid = {E653FACF-E89C-4C1D-A614-1404C0BD5786}
	EndGlobalSection
EndGlobal
